
Microsoft Visual Studio Solution File, Format Version 12.00
# Visual Studio Version 17
VisualStudioVersion = 17.0.32014.148
MinimumVisualStudioVersion = 10.0.40219.1
Project("{FAE04EC0-301F-11D3-BF4B-00C04F79EFBC}") = "YtCalculator", "YtCalculator\YtCalculator.csproj", "{FE7BB41D-504E-4D99-81BB-50CD632B1F21}"
EndProject
Global
	GlobalSection(SolutionConfigurationPlatforms) = preSolution
		Debug|Any CPU = Debug|Any CPU
		Release|Any CPU = Release|Any CPU
	EndGlobalSection
	GlobalSection(ProjectConfigurationPlatforms) = postSolution
		{FE7BB41D-504E-4D99-81BB-50CD632B1F21}.Debug|Any CPU.ActiveCfg = Debug|Any CPU
		{FE7BB41D-504E-4D99-81BB-50CD632B1F21}.Debug|Any CPU.Build.0 = Debug|Any CPU
		{FE7BB41D-504E-4D99-81BB-50CD632B1F21}.Release|Any CPU.ActiveCfg = Release|Any CPU
		{FE7BB41D-504E-4D99-81BB-50CD632B1F21}.Release|Any CPU.Build.0 = Release|Any CPU
	EndGlobalSection
	GlobalSection(SolutionProperties) = preSolution
		HideSolutionNode = FALSE
	EndGlobalSection
	GlobalSection(ExtensibilityGlobals) = postSolution
		SolutionGuid = {066B7381-DE27-461D-986C-CC1FD5E18424}
	EndGlobalSection
EndGlobal
